
Microsoft Visual Studio Solution File, Format Version 12.00
# Visual Studio Version 17
VisualStudioVersion = 17.1.32210.238
MinimumVisualStudioVersion = 10.0.40219.1
Project("{FAE04EC0-301F-11D3-BF4B-00C04F79EFBC}") = "2페이지 level 1 6번 - 정수제곱근판별", "2페이지 level 1 6번 - 정수제곱근판별\2페이지 level 1 6번 - 정수제곱근판별.csproj", "{91541126-2BC6-4F40-AAFD-A26D766E5574}"
EndProject
Global
	GlobalSection(SolutionConfigurationPlatforms) = preSolution
		Debug|Any CPU = Debug|Any CPU
		Release|Any CPU = Release|Any CPU
	EndGlobalSection
	GlobalSection(ProjectConfigurationPlatforms) = postSolution
		{91541126-2BC6-4F40-AAFD-A26D766E5574}.Debug|Any CPU.ActiveCfg = Debug|Any CPU
		{91541126-2BC6-4F40-AAFD-A26D766E5574}.Debug|Any CPU.Build.0 = Debug|Any CPU
		{91541126-2BC6-4F40-AAFD-A26D766E5574}.Release|Any CPU.ActiveCfg = Release|Any CPU
		{91541126-2BC6-4F40-AAFD-A26D766E5574}.Release|Any CPU.Build.0 = Release|Any CPU
	EndGlobalSection
	GlobalSection(SolutionProperties) = preSolution
		HideSolutionNode = FALSE
	EndGlobalSection
	GlobalSection(ExtensibilityGlobals) = postSolution
		SolutionGuid = {7FAB1C0E-7204-4CEE-B5D1-2AB78B9BB67F}
	EndGlobalSection
EndGlobal
