
Microsoft Visual Studio Solution File, Format Version 12.00
# Visual Studio Version 17
VisualStudioVersion = 17.1.32210.238
MinimumVisualStudioVersion = 10.0.40219.1
Project("{FAE04EC0-301F-11D3-BF4B-00C04F79EFBC}") = "2페이지 level 1 6번 - 정수제곱근판별", "2페이지 level 1 6번 - 정수제곱근판별\2페이지 level 1 6번 - 정수제곱근판별.csproj", "{91541126-2BC6-4F40-AAFD-A26D766E5574}"
EndProject
Project("{FAE04EC0-301F-11D3-BF4B-00C04F79EFBC}") = "2페이지 level 1 7번 - 정수내림차순으로배치하기", "2페이지 level 1 7번 - 정수내림차순으로배치하기\2페이지 level 1 7번 - 정수내림차순으로배치하기.csproj", "{BA93DE36-8EDF-47D5-9958-99084C896526}"
EndProject
Project("{FAE04EC0-301F-11D3-BF4B-00C04F79EFBC}") = "2페이지 level 1 8번 - 자연수 뒤집어 배열로 만들기", "2페이지 level 1 8번 - 자연수 뒤집어 배열로 만들기\2페이지 level 1 8번 - 자연수 뒤집어 배열로 만들기.csproj", "{7DABA517-1FD7-4134-8CB3-E8AE86F2114F}"
EndProject
Project("{FAE04EC0-301F-11D3-BF4B-00C04F79EFBC}") = "2페이지 level 1 9번 - 자릿수더하기", "2페이지 level 1 번 - 자릿수더하기\2페이지 level 1 9번 - 자릿수더하기.csproj", "{802953A6-24AB-4CA3-A83D-AC4D8F27C88B}"
EndProject
Global
	GlobalSection(SolutionConfigurationPlatforms) = preSolution
		Debug|Any CPU = Debug|Any CPU
		Release|Any CPU = Release|Any CPU
	EndGlobalSection
	GlobalSection(ProjectConfigurationPlatforms) = postSolution
		{91541126-2BC6-4F40-AAFD-A26D766E5574}.Debug|Any CPU.ActiveCfg = Debug|Any CPU
		{91541126-2BC6-4F40-AAFD-A26D766E5574}.Debug|Any CPU.Build.0 = Debug|Any CPU
		{91541126-2BC6-4F40-AAFD-A26D766E5574}.Release|Any CPU.ActiveCfg = Release|Any CPU
		{91541126-2BC6-4F40-AAFD-A26D766E5574}.Release|Any CPU.Build.0 = Release|Any CPU
		{BA93DE36-8EDF-47D5-9958-99084C896526}.Debug|Any CPU.ActiveCfg = Debug|Any CPU
		{BA93DE36-8EDF-47D5-9958-99084C896526}.Debug|Any CPU.Build.0 = Debug|Any CPU
		{BA93DE36-8EDF-47D5-9958-99084C896526}.Release|Any CPU.ActiveCfg = Release|Any CPU
		{BA93DE36-8EDF-47D5-9958-99084C896526}.Release|Any CPU.Build.0 = Release|Any CPU
		{7DABA517-1FD7-4134-8CB3-E8AE86F2114F}.Debug|Any CPU.ActiveCfg = Debug|Any CPU
		{7DABA517-1FD7-4134-8CB3-E8AE86F2114F}.Debug|Any CPU.Build.0 = Debug|Any CPU
		{7DABA517-1FD7-4134-8CB3-E8AE86F2114F}.Release|Any CPU.ActiveCfg = Release|Any CPU
		{7DABA517-1FD7-4134-8CB3-E8AE86F2114F}.Release|Any CPU.Build.0 = Release|Any CPU
		{802953A6-24AB-4CA3-A83D-AC4D8F27C88B}.Debug|Any CPU.ActiveCfg = Debug|Any CPU
		{802953A6-24AB-4CA3-A83D-AC4D8F27C88B}.Debug|Any CPU.Build.0 = Debug|Any CPU
		{802953A6-24AB-4CA3-A83D-AC4D8F27C88B}.Release|Any CPU.ActiveCfg = Release|Any CPU
		{802953A6-24AB-4CA3-A83D-AC4D8F27C88B}.Release|Any CPU.Build.0 = Release|Any CPU
	EndGlobalSection
	GlobalSection(SolutionProperties) = preSolution
		HideSolutionNode = FALSE
	EndGlobalSection
	GlobalSection(ExtensibilityGlobals) = postSolution
		SolutionGuid = {7FAB1C0E-7204-4CEE-B5D1-2AB78B9BB67F}
	EndGlobalSection
EndGlobal
